
Microsoft Visual Studio Solution File, Format Version 12.00
# Visual Studio Version 17
VisualStudioVersion = 17.6.33815.320
MinimumVisualStudioVersion = 10.0.40219.1
Project("{9A19103F-16F7-4668-BE54-9A1E7A4F7556}") = "MatriculaWeb.SI", "MatriculaWeb.SI\MatriculaWeb.SI.csproj", "{82AC520D-FDC8-4417-8BB5-447478AEB381}"
EndProject
Project("{9A19103F-16F7-4668-BE54-9A1E7A4F7556}") = "MatriculaWeb.UI", "MatriculaWeb.UI\MatriculaWeb.UI.csproj", "{A65A33CD-ECD3-4E0C-AF0A-CF4630E33A18}"
EndProject
Project("{FAE04EC0-301F-11D3-BF4B-00C04F79EFBC}") = "GestionDeMatriculas", "GestionDeMatriculas\GestionDeMatriculas.csproj", "{03493374-ECF6-4ECD-99D5-F6400BB6DD0B}"
EndProject
Global
	GlobalSection(SolutionConfigurationPlatforms) = preSolution
		Debug|Any CPU = Debug|Any CPU
		Release|Any CPU = Release|Any CPU
	EndGlobalSection
	GlobalSection(ProjectConfigurationPlatforms) = postSolution
		{82AC520D-FDC8-4417-8BB5-447478AEB381}.Debug|Any CPU.ActiveCfg = Debug|Any CPU
		{82AC520D-FDC8-4417-8BB5-447478AEB381}.Debug|Any CPU.Build.0 = Debug|Any CPU
		{82AC520D-FDC8-4417-8BB5-447478AEB381}.Release|Any CPU.ActiveCfg = Release|Any CPU
		{82AC520D-FDC8-4417-8BB5-447478AEB381}.Release|Any CPU.Build.0 = Release|Any CPU
		{A65A33CD-ECD3-4E0C-AF0A-CF4630E33A18}.Debug|Any CPU.ActiveCfg = Debug|Any CPU
		{A65A33CD-ECD3-4E0C-AF0A-CF4630E33A18}.Debug|Any CPU.Build.0 = Debug|Any CPU
		{A65A33CD-ECD3-4E0C-AF0A-CF4630E33A18}.Release|Any CPU.ActiveCfg = Release|Any CPU
		{A65A33CD-ECD3-4E0C-AF0A-CF4630E33A18}.Release|Any CPU.Build.0 = Release|Any CPU
		{03493374-ECF6-4ECD-99D5-F6400BB6DD0B}.Debug|Any CPU.ActiveCfg = Debug|Any CPU
		{03493374-ECF6-4ECD-99D5-F6400BB6DD0B}.Debug|Any CPU.Build.0 = Debug|Any CPU
		{03493374-ECF6-4ECD-99D5-F6400BB6DD0B}.Debug|Any CPU.Deploy.0 = Debug|Any CPU
		{03493374-ECF6-4ECD-99D5-F6400BB6DD0B}.Release|Any CPU.ActiveCfg = Release|Any CPU
		{03493374-ECF6-4ECD-99D5-F6400BB6DD0B}.Release|Any CPU.Build.0 = Release|Any CPU
		{03493374-ECF6-4ECD-99D5-F6400BB6DD0B}.Release|Any CPU.Deploy.0 = Release|Any CPU
	EndGlobalSection
	GlobalSection(SolutionProperties) = preSolution
		HideSolutionNode = FALSE
	EndGlobalSection
	GlobalSection(ExtensibilityGlobals) = postSolution
		SolutionGuid = {FEAF4E20-4FE3-4942-85F4-FDC6A1565DFB}
	EndGlobalSection
EndGlobal
